openapi: 3.0.3
info:
  title: Horoscope v2 graphql
  version: 1.0.0
servers:
  - url: https://indexer-v2.dev.aurascan.io
  - url: https://indexer-v2.staging.aurascan.io
tags:
  - name: block
paths:
  /api/v1/graphiql:
    post:
      tags:
        - block
      summary: Query block
      requestBody:
        content:
          application/json:
            schema:
              $ref: '#/components/schemas/Block'
      responses:
        '200':
          description: Successful operation
components:
  schemas:
    Block:
      type: object
      properties:
        operationName:
          type: string
          example: queryBlock
          description: query name
        query:
          type: string
          example: 'query queryBlock($limit: Int = 100, $order: order_by = desc, $height: Int = null, $hash: String = null, $operatorAddress: String = null, $heightGT: Int = null, $heightLT: Int = null) { serenity { block(limit: $limit, order_by: {height: $order}, where: {height: {_eq: $height, _gt: $heightGT, _lt: $heightLT}, hash: {_eq: $hash}, validator: {operator_address: {_eq: $operatorAddress}}}) { data validator { operator_address description } hash height time } } }'
          description: Graphql query
        variables:
          type: object
          description: Variable in query
          example:
            limit: 20
            order: desc
            hash: null
            height: null
            operatorAddress: null
